
Microsoft Visual Studio Solution File, Format Version 12.00
# Visual Studio Version 18
VisualStudioVersion = 18.3.11520.95
MinimumVisualStudioVersion = 10.0.40219.1
Project("{FAE04EC0-301F-11D3-BF4B-00C04F79EFBC}") = "inventory-system-api", "inventory-system-api.csproj", "{FA49B941-8783-7D52-D732-D15652FF7954}"
EndProject
Project("{FAE04EC0-301F-11D3-BF4B-00C04F79EFBC}") = "inventory-system-api.unitTests", "..\inventory-system-api.unitTests\inventory-system-api.unitTests.csproj", "{8E4FCA7F-DB9E-4D93-9FF6-1842ADC300F8}"
EndProject
Project("{FAE04EC0-301F-11D3-BF4B-00C04F79EFBC}") = "inventory-system-api.Infrastructure", "..\inventory-system-api.Infrastructure\inventory-system-api.Infrastructure.csproj", "{9E351F58-712B-4A29-A85E-233535E5450C}"
EndProject
Project("{FAE04EC0-301F-11D3-BF4B-00C04F79EFBC}") = "inventory-system-api.Shared", "..\inventory-system-api.Shared\inventory-system-api.Shared.csproj", "{2AF2EA89-9CD7-4ED9-AE16-F36725C0B30F}"
EndProject
Project("{FAE04EC0-301F-11D3-BF4B-00C04F79EFBC}") = "inventory-system-api.Application", "..\inventory-system-api.Application\inventory-system-api.Application.csproj", "{3B359C6B-8206-46E5-8DA7-37AEBD4E8D4C}"
EndProject
Project("{FAE04EC0-301F-11D3-BF4B-00C04F79EFBC}") = "inventory-system-api.integrationTests", "..\inventory-system-api.integrationTests\inventory-system-api.integrationTests.csproj", "{6AB95A24-79B6-4B07-9D78-48E1179F2B70}"
EndProject
Global
	GlobalSection(SolutionConfigurationPlatforms) = preSolution
		Debug|Any CPU = Debug|Any CPU
		Release|Any CPU = Release|Any CPU
	EndGlobalSection
	GlobalSection(ProjectConfigurationPlatforms) = postSolution
		{FA49B941-8783-7D52-D732-D15652FF7954}.Debug|Any CPU.ActiveCfg = Debug|Any CPU
		{FA49B941-8783-7D52-D732-D15652FF7954}.Debug|Any CPU.Build.0 = Debug|Any CPU
		{FA49B941-8783-7D52-D732-D15652FF7954}.Release|Any CPU.ActiveCfg = Release|Any CPU
		{FA49B941-8783-7D52-D732-D15652FF7954}.Release|Any CPU.Build.0 = Release|Any CPU
		{8E4FCA7F-DB9E-4D93-9FF6-1842ADC300F8}.Debug|Any CPU.ActiveCfg = Debug|Any CPU
		{8E4FCA7F-DB9E-4D93-9FF6-1842ADC300F8}.Debug|Any CPU.Build.0 = Debug|Any CPU
		{8E4FCA7F-DB9E-4D93-9FF6-1842ADC300F8}.Release|Any CPU.ActiveCfg = Release|Any CPU
		{8E4FCA7F-DB9E-4D93-9FF6-1842ADC300F8}.Release|Any CPU.Build.0 = Release|Any CPU
		{9E351F58-712B-4A29-A85E-233535E5450C}.Debug|Any CPU.ActiveCfg = Debug|Any CPU
		{9E351F58-712B-4A29-A85E-233535E5450C}.Debug|Any CPU.Build.0 = Debug|Any CPU
		{9E351F58-712B-4A29-A85E-233535E5450C}.Release|Any CPU.ActiveCfg = Release|Any CPU
		{9E351F58-712B-4A29-A85E-233535E5450C}.Release|Any CPU.Build.0 = Release|Any CPU
		{2AF2EA89-9CD7-4ED9-AE16-F36725C0B30F}.Debug|Any CPU.ActiveCfg = Debug|Any CPU
		{2AF2EA89-9CD7-4ED9-AE16-F36725C0B30F}.Debug|Any CPU.Build.0 = Debug|Any CPU
		{2AF2EA89-9CD7-4ED9-AE16-F36725C0B30F}.Release|Any CPU.ActiveCfg = Release|Any CPU
		{2AF2EA89-9CD7-4ED9-AE16-F36725C0B30F}.Release|Any CPU.Build.0 = Release|Any CPU
		{3B359C6B-8206-46E5-8DA7-37AEBD4E8D4C}.Debug|Any CPU.ActiveCfg = Debug|Any CPU
		{3B359C6B-8206-46E5-8DA7-37AEBD4E8D4C}.Debug|Any CPU.Build.0 = Debug|Any CPU
		{3B359C6B-8206-46E5-8DA7-37AEBD4E8D4C}.Release|Any CPU.ActiveCfg = Release|Any CPU
		{3B359C6B-8206-46E5-8DA7-37AEBD4E8D4C}.Release|Any CPU.Build.0 = Release|Any CPU
		{6AB95A24-79B6-4B07-9D78-48E1179F2B70}.Debug|Any CPU.ActiveCfg = Debug|Any CPU
		{6AB95A24-79B6-4B07-9D78-48E1179F2B70}.Debug|Any CPU.Build.0 = Debug|Any CPU
		{6AB95A24-79B6-4B07-9D78-48E1179F2B70}.Release|Any CPU.ActiveCfg = Release|Any CPU
		{6AB95A24-79B6-4B07-9D78-48E1179F2B70}.Release|Any CPU.Build.0 = Release|Any CPU
	EndGlobalSection
	GlobalSection(SolutionProperties) = preSolution
		HideSolutionNode = FALSE
	EndGlobalSection
	GlobalSection(ExtensibilityGlobals) = postSolution
		SolutionGuid = {4D9A75A0-381A-4449-A512-0787D942CC1E}
	EndGlobalSection
EndGlobal
